{
  "name": "io.cordova.hellocordova",
  "version": "1.0.0",
  "lockfileVersion": 2,
  "requires": true,
  "packages": {
    "": {
      "name": "io.cordova.hellocordova",
      "version": "1.0.0",
      "license": "Apache-2.0",
      "devDependencies": {
        "cordova-plugin-battery-status": "^2.0.3",
        "cordova-plugin-camera": "^7.0.0",
        "cordova-plugin-device": "^2.1.0",
        "cordova-plugin-geolocation": "^5.0.0",
        "cordova-plugin-inappbrowser": "^6.0.0",
        "cordova-plugin-network-information": "^3.0.0",
        "cordova-plugin-statusbar": "^4.0.0",
        "cordova-plugin-vibration": "^3.1.1"
      }
    },
    "node_modules/cordova-plugin-battery-status": {
      "version": "2.0.3",
      "resolved": "https://registry.npmjs.org/cordova-plugin-battery-status/-/cordova-plugin-battery-status-2.0.3.tgz",
      "integrity": "sha512-H1vSLWbDb/qivGPVV/sjAaDnF8VEoa1uOYdrTJpYrs9vRAe3S37y8Fa5LoBuKkspWiQ5P3D8q+iTnsPF0UAO7g==",
      "dev": true,
      "engines": {
        "cordovaDependencies": {
          "3.0.0": {
            "cordova": ">100"
          }
        }
      }
    },
    "node_modules/cordova-plugin-camera": {
      "version": "7.0.0",
      "resolved": "https://registry.npmjs.org/cordova-plugin-camera/-/cordova-plugin-camera-7.0.0.tgz",
      "integrity": "sha512-OVQWZTBb18Y6e5c+bbXt3E4Z1yGnYqaywh2h5vVr/+nxMcdMIE+lm527bRK5vLN/RUqhGYP/Z+5n+O7Fk7fVNw==",
      "dev": true,
      "engines": {
        "cordovaDependencies": {
          "3.0.0": {
            "cordova-android": ">=6.3.0"
          },
          "4.1.0": {
            "cordova": ">=7.1.0",
            "cordova-android": ">=6.3.0"
          },
          "5.0.0": {
            "cordova": ">=9.0.0",
            "cordova-android": ">=9.0.0",
            "cordova-ios": ">=5.1.0"
          },
          "5.0.4-dev": {
            "cordova": ">=9.0.0",
            "cordova-android": "<10.0.0",
            "cordova-ios": ">=5.1.0"
          },
          "6.0.0": {
            "cordova": ">=9.0.0",
            "cordova-android": ">=10.0.0",
            "cordova-ios": ">=5.1.0"
          },
          "7.0.0": {
            "cordova": ">=9.0.0",
            "cordova-android": ">=12.0.0",
            "cordova-ios": ">=5.1.0"
          },
          "8.0.0": {
            "cordova": ">100"
          }
        }
      }
    },
    "node_modules/cordova-plugin-device": {
      "version": "2.1.0",
      "resolved": "https://registry.npmjs.org/cordova-plugin-device/-/cordova-plugin-device-2.1.0.tgz",
      "integrity": "sha512-FU0Lw1jZpuKOgG4v80LrfMAOIMCGfAVPumn7AwaX9S1iU/X3OPZUyoKUgP09q4bxL35IeNPkqNWVKYduAXZ1sg==",
      "dev": true,
      "engines": {
        "cordovaDependencies": {
          "3.0.0": {
            "cordova": ">100",
            "cordova-electron": ">=3.0.0"
          }
        }
      }
    },
    "node_modules/cordova-plugin-geolocation": {
      "version": "5.0.0",
      "resolved": "https://registry.npmjs.org/cordova-plugin-geolocation/-/cordova-plugin-geolocation-5.0.0.tgz",
      "integrity": "sha512-eIk96pF59y3AK+NHeyA0si9eFhZElgOcFoGoTU9LDlnEYpfBN+V4ojRpKq3NMLCGTozew22/i9najFu9Kvb40g==",
      "dev": true,
      "engines": {
        "cordovaDependencies": {
          "3.0.0": {
            "cordova-android": ">=6.3.0"
          },
          "6.0.0": {
            "cordova": ">100"
          }
        }
      }
    },
    "node_modules/cordova-plugin-inappbrowser": {
      "version": "6.0.0",
      "resolved": "https://registry.npmjs.org/cordova-plugin-inappbrowser/-/cordova-plugin-inappbrowser-6.0.0.tgz",
      "integrity": "sha512-nMJ67YQZwkx1WMfA4tKFdVdTg6FNkh/nQflP1uMw0RVe/cP2kfDrO3SbpUr8yKahpWdSQl1Lmd8D3KKzuAjucA==",
      "dev": true,
      "engines": {
        "cordovaDependencies": {
          "0.2.3": {
            "cordova": ">=3.1.0"
          },
          "4.0.0": {
            "cordova": ">=3.1.0",
            "cordova-ios": ">=4.0.0"
          },
          "5.0.0": {
            "cordova": ">=9.0.0",
            "cordova-android": ">=9.0.0",
            "cordova-ios": ">=6.0.0"
          },
          "6.0.0": {
            "cordova": ">=9.0.0",
            "cordova-android": ">=10.0.0",
            "cordova-ios": ">=6.0.0"
          },
          "7.0.0": {
            "cordova": ">100"
          }
        }
      }
    },
    "node_modules/cordova-plugin-network-information": {
      "version": "3.0.0",
      "resolved": "https://registry.npmjs.org/cordova-plugin-network-information/-/cordova-plugin-network-information-3.0.0.tgz",
      "integrity": "sha512-bBtP3PxIX8vshsfR0+F6co2e2cFLgjt18yKIdigzMwk6ANudWQ72RB3g2qMPyT6fBDWmUyE1Qd+bKQB/fZtQwQ==",
      "dev": true,
      "engines": {
        "cordovaDependencies": {
          "3.0.0": {
            "cordova": ">=9"
          },
          "4.0.0": {
            "cordova": ">100"
          }
        }
      }
    },
    "node_modules/cordova-plugin-statusbar": {
      "version": "4.0.0",
      "resolved": "https://registry.npmjs.org/cordova-plugin-statusbar/-/cordova-plugin-statusbar-4.0.0.tgz",
      "integrity": "sha512-NTVdQhj9msydnarCH8ijOhASx+6fO16hg17AilAjfzWRvcBoF+4kKkPhTkZM7D2bOBePhfHEaMhEnxnA3M4Dlg==",
      "dev": true,
      "engines": {
        "cordovaDependencies": {
          "0.1.0": {
            "cordova": ">=3.0.0"
          },
          "4.0.0": {
            "cordova": ">=3.0.0",
            "cordova-android": ">=10.0.0",
            "cordova-ios": ">=6.0.0"
          },
          "5.0.0": {
            "cordova": ">100"
          }
        }
      }
    },
    "node_modules/cordova-plugin-vibration": {
      "version": "3.1.1",
      "resolved": "https://registry.npmjs.org/cordova-plugin-vibration/-/cordova-plugin-vibration-3.1.1.tgz",
      "integrity": "sha512-qgv67Rueo4Pydfant3TwnXeFiN9dl+6lKMM6h5jYg9XewiGAGOr8vfWsTvQssC3m3xMKGS1ap3xPNH+BzZ4RMA==",
      "dev": true,
      "engines": {
        "cordovaDependencies": {
          "4.0.0": {
            "cordova": ">100"
          }
        }
      }
    }
  },
  "dependencies": {
    "cordova-plugin-battery-status": {
      "version": "2.0.3",
      "resolved": "https://registry.npmjs.org/cordova-plugin-battery-status/-/cordova-plugin-battery-status-2.0.3.tgz",
      "integrity": "sha512-H1vSLWbDb/qivGPVV/sjAaDnF8VEoa1uOYdrTJpYrs9vRAe3S37y8Fa5LoBuKkspWiQ5P3D8q+iTnsPF0UAO7g==",
      "dev": true
    },
    "cordova-plugin-camera": {
      "version": "7.0.0",
      "resolved": "https://registry.npmjs.org/cordova-plugin-camera/-/cordova-plugin-camera-7.0.0.tgz",
      "integrity": "sha512-OVQWZTBb18Y6e5c+bbXt3E4Z1yGnYqaywh2h5vVr/+nxMcdMIE+lm527bRK5vLN/RUqhGYP/Z+5n+O7Fk7fVNw==",
      "dev": true
    },
    "cordova-plugin-device": {
      "version": "2.1.0",
      "resolved": "https://registry.npmjs.org/cordova-plugin-device/-/cordova-plugin-device-2.1.0.tgz",
      "integrity": "sha512-FU0Lw1jZpuKOgG4v80LrfMAOIMCGfAVPumn7AwaX9S1iU/X3OPZUyoKUgP09q4bxL35IeNPkqNWVKYduAXZ1sg==",
      "dev": true
    },
    "cordova-plugin-geolocation": {
      "version": "5.0.0",
      "resolved": "https://registry.npmjs.org/cordova-plugin-geolocation/-/cordova-plugin-geolocation-5.0.0.tgz",
      "integrity": "sha512-eIk96pF59y3AK+NHeyA0si9eFhZElgOcFoGoTU9LDlnEYpfBN+V4ojRpKq3NMLCGTozew22/i9najFu9Kvb40g==",
      "dev": true
    },
    "cordova-plugin-inappbrowser": {
      "version": "6.0.0",
      "resolved": "https://registry.npmjs.org/cordova-plugin-inappbrowser/-/cordova-plugin-inappbrowser-6.0.0.tgz",
      "integrity": "sha512-nMJ67YQZwkx1WMfA4tKFdVdTg6FNkh/nQflP1uMw0RVe/cP2kfDrO3SbpUr8yKahpWdSQl1Lmd8D3KKzuAjucA==",
      "dev": true
    },
    "cordova-plugin-network-information": {
      "version": "3.0.0",
      "resolved": "https://registry.npmjs.org/cordova-plugin-network-information/-/cordova-plugin-network-information-3.0.0.tgz",
      "integrity": "sha512-bBtP3PxIX8vshsfR0+F6co2e2cFLgjt18yKIdigzMwk6ANudWQ72RB3g2qMPyT6fBDWmUyE1Qd+bKQB/fZtQwQ==",
      "dev": true
    },
    "cordova-plugin-statusbar": {
      "version": "4.0.0",
      "resolved": "https://registry.npmjs.org/cordova-plugin-statusbar/-/cordova-plugin-statusbar-4.0.0.tgz",
      "integrity": "sha512-NTVdQhj9msydnarCH8ijOhASx+6fO16hg17AilAjfzWRvcBoF+4kKkPhTkZM7D2bOBePhfHEaMhEnxnA3M4Dlg==",
      "dev": true
    },
    "cordova-plugin-vibration": {
      "version": "3.1.1",
      "resolved": "https://registry.npmjs.org/cordova-plugin-vibration/-/cordova-plugin-vibration-3.1.1.tgz",
      "integrity": "sha512-qgv67Rueo4Pydfant3TwnXeFiN9dl+6lKMM6h5jYg9XewiGAGOr8vfWsTvQssC3m3xMKGS1ap3xPNH+BzZ4RMA==",
      "dev": true
    }
  }
}
